{
  "originHash" : "784fdb7c7e39f222bad686cbadee649d54ea0f27366fc78043d40dbc6b843cf4",
  "pins" : [
    {
      "identity" : "kreerequest",
      "kind" : "remoteSourceControl",
      "location" : "https://github.com/WilhelmOks/KreeRequest",
      "state" : {
        "revision" : "1a6ae5c74649546473c1ffbbec16794ecd3073bd",
        "version" : "1.0.3"
      }
    }
  ],
  "version" : 3
}
